
Microsoft Visual Studio Solution File, Format Version 12.00
# Visual Studio 15
VisualStudioVersion = 15.0.28307.645
MinimumVisualStudioVersion = 10.0.40219.1
Project("{FAE04EC0-301F-11D3-BF4B-00C04F79EFBC}") = "hw2", "hw2\hw2.csproj", "{2368F79C-E64D-414C-94D9-4121F8CD59AD}"
EndProject
Global
	GlobalSection(SolutionConfigurationPlatforms) = preSolution
		Debug|Any CPU = Debug|Any CPU
		Release|Any CPU = Release|Any CPU
	EndGlobalSection
	GlobalSection(ProjectConfigurationPlatforms) = postSolution
		{2368F79C-E64D-414C-94D9-4121F8CD59AD}.Debug|Any CPU.ActiveCfg = Debug|Any CPU
		{2368F79C-E64D-414C-94D9-4121F8CD59AD}.Debug|Any CPU.Build.0 = Debug|Any CPU
		{2368F79C-E64D-414C-94D9-4121F8CD59AD}.Release|Any CPU.ActiveCfg = Release|Any CPU
		{2368F79C-E64D-414C-94D9-4121F8CD59AD}.Release|Any CPU.Build.0 = Release|Any CPU
	EndGlobalSection
	GlobalSection(SolutionProperties) = preSolution
		HideSolutionNode = FALSE
	EndGlobalSection
	GlobalSection(ExtensibilityGlobals) = postSolution
		SolutionGuid = {68C20438-296B-4940-B237-0BF0B46B5E88}
	EndGlobalSection
EndGlobal
